{
  "name": "basic",
  "lockfileVersion": 3,
  "requires": true,
  "packages": {
    "": {
      "name": "basic",
      "dependencies": {
        "@prisma/client": "^5.10.2"
      },
      "devDependencies": {
        "prisma": "^5.10.2"
      }
    },
    "node_modules/@prisma/client": {
      "version": "5.10.2",
      "resolved": "https://registry.npmjs.org/@prisma/client/-/client-5.10.2.tgz",
      "integrity": "sha512-ef49hzB2yJZCvM5gFHMxSFL9KYrIP9udpT5rYo0CsHD4P9IKj473MbhU1gjKKftiwWBTIyrt9jukprzZXazyag==",
      "hasInstallScript": true,
      "engines": {
        "node": ">=16.13"
      },
      "peerDependencies": {
        "prisma": "*"
      },
      "peerDependenciesMeta": {
        "prisma": {
          "optional": true
        }
      }
    },
    "node_modules/@prisma/debug": {
      "version": "5.10.2",
      "resolved": "https://registry.npmjs.org/@prisma/debug/-/debug-5.10.2.tgz",
      "integrity": "sha512-bkBOmH9dpEBbMKFJj8V+Zp8IZHIBjy3fSyhLhxj4FmKGb/UBSt9doyfA6k1UeUREsMJft7xgPYBbHSOYBr8XCA==",
      "devOptional": true
    },
    "node_modules/@prisma/engines": {
      "version": "5.10.2",
      "resolved": "https://registry.npmjs.org/@prisma/engines/-/engines-5.10.2.tgz",
      "integrity": "sha512-HkSJvix6PW8YqEEt3zHfCYYJY69CXsNdhU+wna+4Y7EZ+AwzeupMnUThmvaDA7uqswiHkgm5/SZ6/4CStjaGmw==",
      "devOptional": true,
      "hasInstallScript": true,
      "dependencies": {
        "@prisma/debug": "5.10.2",
        "@prisma/engines-version": "5.10.0-34.5a9203d0590c951969e85a7d07215503f4672eb9",
        "@prisma/fetch-engine": "5.10.2",
        "@prisma/get-platform": "5.10.2"
      }
    },
    "node_modules/@prisma/engines-version": {
      "version": "5.10.0-34.5a9203d0590c951969e85a7d07215503f4672eb9",
      "resolved": "https://registry.npmjs.org/@prisma/engines-version/-/engines-version-5.10.0-34.5a9203d0590c951969e85a7d07215503f4672eb9.tgz",
      "integrity": "sha512-uCy/++3Jx/O3ufM+qv2H1L4tOemTNqcP/gyEVOlZqTpBvYJUe0tWtW0y3o2Ueq04mll4aM5X3f6ugQftOSLdFQ==",
      "devOptional": true
    },
    "node_modules/@prisma/fetch-engine": {
      "version": "5.10.2",
      "resolved": "https://registry.npmjs.org/@prisma/fetch-engine/-/fetch-engine-5.10.2.tgz",
      "integrity": "sha512-dSmXcqSt6DpTmMaLQ9K8ZKzVAMH3qwGCmYEZr/uVnzVhxRJ1EbT/w2MMwIdBNq1zT69Rvh0h75WMIi0mrIw7Hg==",
      "devOptional": true,
      "dependencies": {
        "@prisma/debug": "5.10.2",
        "@prisma/engines-version": "5.10.0-34.5a9203d0590c951969e85a7d07215503f4672eb9",
        "@prisma/get-platform": "5.10.2"
      }
    },
    "node_modules/@prisma/get-platform": {
      "version": "5.10.2",
      "resolved": "https://registry.npmjs.org/@prisma/get-platform/-/get-platform-5.10.2.tgz",
      "integrity": "sha512-nqXP6vHiY2PIsebBAuDeWiUYg8h8mfjBckHh6Jezuwej0QJNnjDiOq30uesmg+JXxGk99nqyG3B7wpcOODzXvg==",
      "devOptional": true,
      "dependencies": {
        "@prisma/debug": "5.10.2"
      }
    },
    "node_modules/prisma": {
      "version": "5.10.2",
      "resolved": "https://registry.npmjs.org/prisma/-/prisma-5.10.2.tgz",
      "integrity": "sha512-hqb/JMz9/kymRE25pMWCxkdyhbnIWrq+h7S6WysJpdnCvhstbJSNP/S6mScEcqiB8Qv2F+0R3yG+osRaWqZacQ==",
      "devOptional": true,
      "hasInstallScript": true,
      "dependencies": {
        "@prisma/engines": "5.10.2"
      },
      "bin": {
        "prisma": "build/index.js"
      },
      "engines": {
        "node": ">=16.13"
      }
    }
  }
}
